
Microsoft Visual Studio Solution File, Format Version 10.00
# Visual Studio 2008
Project("{F14B399A-7131-4C87-9E4B-1186C45EF12D}") = "CRMProject", "CRMProject\CRMProject.rptproj", "{F4F76190-9EDF-4967-A7D0-717DD652037F}"
EndProject
Project("{F14B399A-7131-4C87-9E4B-1186C45EF12D}") = "Demo", "Demo\Demo.rptproj", "{0CB3BC17-7F8A-43B8-9585-DB979D6F9B8B}"
EndProject
Project("{F14B399A-7131-4C87-9E4B-1186C45EF12D}") = "CRMReport_2013-05-16", "CRMReport_2013-05-16\CRMReport_2013-05-16.rptproj", "{16E0C763-6079-43D9-B503-33236A3676E3}"
EndProject
Project("{F14B399A-7131-4C87-9E4B-1186C45EF12D}") = "Working09-16", "Working09-16\Working09-16.rptproj", "{8CD7A454-BA10-4198-ADA9-BAFBC9CF4014}"
EndProject
Global
	GlobalSection(SolutionConfigurationPlatforms) = preSolution
		Debug|Any CPU = Debug|Any CPU
		DebugLocal|Any CPU = DebugLocal|Any CPU
		Development|Any CPU = Development|Any CPU
		Release|Any CPU = Release|Any CPU
	EndGlobalSection
	GlobalSection(ProjectConfigurationPlatforms) = postSolution
		{F4F76190-9EDF-4967-A7D0-717DD652037F}.Debug|Any CPU.ActiveCfg = DebugLocal
		{F4F76190-9EDF-4967-A7D0-717DD652037F}.Debug|Any CPU.Build.0 = DebugLocal
		{F4F76190-9EDF-4967-A7D0-717DD652037F}.Debug|Any CPU.Deploy.0 = DebugLocal
		{F4F76190-9EDF-4967-A7D0-717DD652037F}.DebugLocal|Any CPU.ActiveCfg = DebugLocal
		{F4F76190-9EDF-4967-A7D0-717DD652037F}.DebugLocal|Any CPU.Build.0 = DebugLocal
		{F4F76190-9EDF-4967-A7D0-717DD652037F}.DebugLocal|Any CPU.Deploy.0 = DebugLocal
		{F4F76190-9EDF-4967-A7D0-717DD652037F}.Development|Any CPU.ActiveCfg = DebugLocal
		{F4F76190-9EDF-4967-A7D0-717DD652037F}.Development|Any CPU.Build.0 = DebugLocal
		{F4F76190-9EDF-4967-A7D0-717DD652037F}.Development|Any CPU.Deploy.0 = DebugLocal
		{F4F76190-9EDF-4967-A7D0-717DD652037F}.Release|Any CPU.ActiveCfg = Release
		{F4F76190-9EDF-4967-A7D0-717DD652037F}.Release|Any CPU.Build.0 = Release
		{F4F76190-9EDF-4967-A7D0-717DD652037F}.Release|Any CPU.Deploy.0 = Release
		{0CB3BC17-7F8A-43B8-9585-DB979D6F9B8B}.Debug|Any CPU.ActiveCfg = DebugLocal
		{0CB3BC17-7F8A-43B8-9585-DB979D6F9B8B}.Debug|Any CPU.Build.0 = DebugLocal
		{0CB3BC17-7F8A-43B8-9585-DB979D6F9B8B}.Debug|Any CPU.Deploy.0 = DebugLocal
		{0CB3BC17-7F8A-43B8-9585-DB979D6F9B8B}.DebugLocal|Any CPU.ActiveCfg = DebugLocal
		{0CB3BC17-7F8A-43B8-9585-DB979D6F9B8B}.DebugLocal|Any CPU.Build.0 = DebugLocal
		{0CB3BC17-7F8A-43B8-9585-DB979D6F9B8B}.DebugLocal|Any CPU.Deploy.0 = DebugLocal
		{0CB3BC17-7F8A-43B8-9585-DB979D6F9B8B}.Development|Any CPU.ActiveCfg = DebugLocal
		{0CB3BC17-7F8A-43B8-9585-DB979D6F9B8B}.Development|Any CPU.Build.0 = DebugLocal
		{0CB3BC17-7F8A-43B8-9585-DB979D6F9B8B}.Development|Any CPU.Deploy.0 = DebugLocal
		{0CB3BC17-7F8A-43B8-9585-DB979D6F9B8B}.Release|Any CPU.ActiveCfg = Release
		{0CB3BC17-7F8A-43B8-9585-DB979D6F9B8B}.Release|Any CPU.Build.0 = Release
		{0CB3BC17-7F8A-43B8-9585-DB979D6F9B8B}.Release|Any CPU.Deploy.0 = Release
		{16E0C763-6079-43D9-B503-33236A3676E3}.Debug|Any CPU.ActiveCfg = DebugLocal
		{16E0C763-6079-43D9-B503-33236A3676E3}.Debug|Any CPU.Build.0 = DebugLocal
		{16E0C763-6079-43D9-B503-33236A3676E3}.Debug|Any CPU.Deploy.0 = DebugLocal
		{16E0C763-6079-43D9-B503-33236A3676E3}.DebugLocal|Any CPU.ActiveCfg = DebugLocal
		{16E0C763-6079-43D9-B503-33236A3676E3}.DebugLocal|Any CPU.Build.0 = DebugLocal
		{16E0C763-6079-43D9-B503-33236A3676E3}.DebugLocal|Any CPU.Deploy.0 = DebugLocal
		{16E0C763-6079-43D9-B503-33236A3676E3}.Development|Any CPU.ActiveCfg = DebugLocal
		{16E0C763-6079-43D9-B503-33236A3676E3}.Development|Any CPU.Build.0 = DebugLocal
		{16E0C763-6079-43D9-B503-33236A3676E3}.Development|Any CPU.Deploy.0 = DebugLocal
		{16E0C763-6079-43D9-B503-33236A3676E3}.Release|Any CPU.ActiveCfg = Release
		{16E0C763-6079-43D9-B503-33236A3676E3}.Release|Any CPU.Build.0 = Release
		{16E0C763-6079-43D9-B503-33236A3676E3}.Release|Any CPU.Deploy.0 = Release
		{8CD7A454-BA10-4198-ADA9-BAFBC9CF4014}.Debug|Any CPU.ActiveCfg = DebugLocal
		{8CD7A454-BA10-4198-ADA9-BAFBC9CF4014}.Debug|Any CPU.Build.0 = DebugLocal
		{8CD7A454-BA10-4198-ADA9-BAFBC9CF4014}.DebugLocal|Any CPU.ActiveCfg = DebugLocal
		{8CD7A454-BA10-4198-ADA9-BAFBC9CF4014}.DebugLocal|Any CPU.Build.0 = DebugLocal
		{8CD7A454-BA10-4198-ADA9-BAFBC9CF4014}.Development|Any CPU.ActiveCfg = DebugLocal
		{8CD7A454-BA10-4198-ADA9-BAFBC9CF4014}.Development|Any CPU.Build.0 = DebugLocal
		{8CD7A454-BA10-4198-ADA9-BAFBC9CF4014}.Release|Any CPU.ActiveCfg = Release
		{8CD7A454-BA10-4198-ADA9-BAFBC9CF4014}.Release|Any CPU.Build.0 = Release
		{8CD7A454-BA10-4198-ADA9-BAFBC9CF4014}.Release|Any CPU.Deploy.0 = Release
	EndGlobalSection
	GlobalSection(SolutionProperties) = preSolution
		HideSolutionNode = FALSE
	EndGlobalSection
	GlobalSection(ExtensibilityGlobals) = postSolution
		VisualSVNWorkingCopyRoot = .
	EndGlobalSection
EndGlobal
